
Microsoft Visual Studio Solution File, Format Version 12.00
# Visual Studio Version 17
VisualStudioVersion = 17.7.34003.232
MinimumVisualStudioVersion = 10.0.40219.1
Project("{FAE04EC0-301F-11D3-BF4B-00C04F79EFBC}") = "BusTicket", "BusTicket\BusTicket.csproj", "{DA53D1A1-638D-4E8B-A928-182530D3B7C3}"
EndProject
Project("{FAE04EC0-301F-11D3-BF4B-00C04F79EFBC}") = "BusTicket.Business", "BusTicket.Business\BusTicket.Business.csproj", "{2EB164D3-3512-4E96-A6F6-66436867DA76}"
EndProject
Project("{FAE04EC0-301F-11D3-BF4B-00C04F79EFBC}") = "BusTicket.Adapter", "BusTicket.Adapter\BusTicket.Adapter.csproj", "{CCE69BA5-E07F-44FC-B636-B1FED3462E06}"
EndProject
Project("{FAE04EC0-301F-11D3-BF4B-00C04F79EFBC}") = "BusTicket.Shared", "BusTicket.Shared\BusTicket.Shared.csproj", "{5DA43D3E-98F0-41BB-A537-BEC5A5B5DCC3}"
EndProject
Global
	GlobalSection(SolutionConfigurationPlatforms) = preSolution
		Debug|Any CPU = Debug|Any CPU
		Release|Any CPU = Release|Any CPU
	EndGlobalSection
	GlobalSection(ProjectConfigurationPlatforms) = postSolution
		{DA53D1A1-638D-4E8B-A928-182530D3B7C3}.Debug|Any CPU.ActiveCfg = Debug|Any CPU
		{DA53D1A1-638D-4E8B-A928-182530D3B7C3}.Debug|Any CPU.Build.0 = Debug|Any CPU
		{DA53D1A1-638D-4E8B-A928-182530D3B7C3}.Release|Any CPU.ActiveCfg = Release|Any CPU
		{DA53D1A1-638D-4E8B-A928-182530D3B7C3}.Release|Any CPU.Build.0 = Release|Any CPU
		{2EB164D3-3512-4E96-A6F6-66436867DA76}.Debug|Any CPU.ActiveCfg = Debug|Any CPU
		{2EB164D3-3512-4E96-A6F6-66436867DA76}.Debug|Any CPU.Build.0 = Debug|Any CPU
		{2EB164D3-3512-4E96-A6F6-66436867DA76}.Release|Any CPU.ActiveCfg = Release|Any CPU
		{2EB164D3-3512-4E96-A6F6-66436867DA76}.Release|Any CPU.Build.0 = Release|Any CPU
		{CCE69BA5-E07F-44FC-B636-B1FED3462E06}.Debug|Any CPU.ActiveCfg = Debug|Any CPU
		{CCE69BA5-E07F-44FC-B636-B1FED3462E06}.Debug|Any CPU.Build.0 = Debug|Any CPU
		{CCE69BA5-E07F-44FC-B636-B1FED3462E06}.Release|Any CPU.ActiveCfg = Release|Any CPU
		{CCE69BA5-E07F-44FC-B636-B1FED3462E06}.Release|Any CPU.Build.0 = Release|Any CPU
		{5DA43D3E-98F0-41BB-A537-BEC5A5B5DCC3}.Debug|Any CPU.ActiveCfg = Debug|Any CPU
		{5DA43D3E-98F0-41BB-A537-BEC5A5B5DCC3}.Debug|Any CPU.Build.0 = Debug|Any CPU
		{5DA43D3E-98F0-41BB-A537-BEC5A5B5DCC3}.Release|Any CPU.ActiveCfg = Release|Any CPU
		{5DA43D3E-98F0-41BB-A537-BEC5A5B5DCC3}.Release|Any CPU.Build.0 = Release|Any CPU
	EndGlobalSection
	GlobalSection(SolutionProperties) = preSolution
		HideSolutionNode = FALSE
	EndGlobalSection
	GlobalSection(ExtensibilityGlobals) = postSolution
		SolutionGuid = {7857DC5F-2CDF-4A0A-A43C-B2C62C93EEB9}
	EndGlobalSection
EndGlobal
